
Microsoft Visual Studio Solution File, Format Version 12.00
# Visual Studio Version 16
VisualStudioVersion = 16.0.28803.452
MinimumVisualStudioVersion = 10.0.40219.1
Project("{9A19103F-16F7-4668-BE54-9A1E7A4F7556}") = "SeleniumWrapper", "SeleniumWrapper.NetFramework\SeleniumWrapper.csproj", "{EB67FBBD-A093-4FE8-8133-8A1222E92735}"
EndProject
Project("{FAE04EC0-301F-11D3-BF4B-00C04F79EFBC}") = "ConsoleTest", "ConsoleTest\ConsoleTest.csproj", "{D5787C5C-E045-4A3C-B2B4-8F9C845D1BE9}"
EndProject
Global
	GlobalSection(SolutionConfigurationPlatforms) = preSolution
		Debug|Any CPU = Debug|Any CPU
		Release|Any CPU = Release|Any CPU
	EndGlobalSection
	GlobalSection(ProjectConfigurationPlatforms) = postSolution
		{EB67FBBD-A093-4FE8-8133-8A1222E92735}.Debug|Any CPU.ActiveCfg = Debug|Any CPU
		{EB67FBBD-A093-4FE8-8133-8A1222E92735}.Debug|Any CPU.Build.0 = Debug|Any CPU
		{EB67FBBD-A093-4FE8-8133-8A1222E92735}.Release|Any CPU.ActiveCfg = Release|Any CPU
		{EB67FBBD-A093-4FE8-8133-8A1222E92735}.Release|Any CPU.Build.0 = Release|Any CPU
		{D5787C5C-E045-4A3C-B2B4-8F9C845D1BE9}.Debug|Any CPU.ActiveCfg = Debug|Any CPU
		{D5787C5C-E045-4A3C-B2B4-8F9C845D1BE9}.Debug|Any CPU.Build.0 = Debug|Any CPU
		{D5787C5C-E045-4A3C-B2B4-8F9C845D1BE9}.Release|Any CPU.ActiveCfg = Release|Any CPU
		{D5787C5C-E045-4A3C-B2B4-8F9C845D1BE9}.Release|Any CPU.Build.0 = Release|Any CPU
	EndGlobalSection
	GlobalSection(SolutionProperties) = preSolution
		HideSolutionNode = FALSE
	EndGlobalSection
	GlobalSection(ExtensibilityGlobals) = postSolution
		SolutionGuid = {802FC5DB-AFF5-48C4-9F69-8A65309C2DF3}
	EndGlobalSection
EndGlobal
